<?xml version="1.0" encoding="utf-8"?>
<Project ToolsVersion="4.0" xmlns="http://schemas.microsoft.com/developer/msbuild/2003">
  <ItemGroup>
    <Filter Include="Source Files">
      <UniqueIdentifier>{4FC737F1-C7A5-4376-A066-2A32D752A2FF}</UniqueIdentifier>
      <Extensions>cpp;c;cc;cxx;c++;def;odl;idl;hpj;bat;asm;asmx</Extensions>
    </Filter>
    <Filter Include="Header Files">
      <UniqueIdentifier>{93995380-89BD-4b04-88EB-625FBE52EBFB}</UniqueIdentifier>
      <Extensions>h;hh;hpp;hxx;h++;hm;inl;inc;ipp;xsd</Extensions>
    </Filter>
    <Filter Include="Resource Files">
      <UniqueIdentifier>{67DA6AB6-F800-4c08-8B7A-83BB121AAD01}</UniqueIdentifier>
      <Extensions>rc;ico;cur;bmp;dlg;rc2;rct;bin;rgs;gif;jpg;jpeg;jpe;resx;tiff;tif;png;wav;mfcribbon-ms</Extensions>
    </Filter>
    <Filter Include="shared">
      <UniqueIdentifier>{2d552ef9-6fbe-41a8-9569-24b101d0be5c}</UniqueIdentifier>
    </Filter>
  </ItemGroup>
  <ItemGroup>
    <ClCompile Include="tested_code_wrapper.cpp">
      <Filter>Source Files</Filter>
    </ClCompile>
    <ClCompile Include="..\shared\interface.cpp">
      <Filter>shared</Filter>
    </ClCompile>
    <ClCompile Include="experiment_main.cpp">
      <Filter>Source Files</Filter>
    </ClCompile>
  </ItemGroup>
  <ItemGroup>
    <ClInclude Include="..\shared\constants.hpp">
      <Filter>shared</Filter>
    </ClInclude>
    <ClInclude Include="..\shared\emulator.hpp">
      <Filter>shared</Filter>
    </ClInclude>
    <ClInclude Include="..\shared\funshield.h">
      <Filter>shared</Filter>
    </ClInclude>
    <ClInclude Include="..\shared\simulation.hpp">
      <Filter>shared</Filter>
    </ClInclude>
    <ClInclude Include="..\shared\interface.hpp">
      <Filter>shared</Filter>
    </ClInclude>
    <ClInclude Include="..\shared\simulation_funshield.hpp">
      <Filter>shared</Filter>
    </ClInclude>
    <ClInclude Include="..\shared\led_display.hpp">
      <Filter>shared</Filter>
    </ClInclude>
    <ClInclude Include="..\shared\time_series.hpp">
      <Filter>shared</Filter>
    </ClInclude>
    <ClInclude Include="..\shared\helpers.hpp">
      <Filter>shared</Filter>
    </ClInclude>
  </ItemGroup>
  <ItemGroup>
    <None Include="tested_code.ino">
      <Filter>Source Files</Filter>
    </None>
  </ItemGroup>
</Project>